
Microsoft Visual Studio Solution File, Format Version 12.00
# Visual Studio Version 17
VisualStudioVersion = 17.4.33213.308
MinimumVisualStudioVersion = 10.0.40219.1
Project("{FAE04EC0-301F-11D3-BF4B-00C04F79EFBC}") = "FirstWinFormsApp1", "FirstWinFormsApp1.csproj", "{1F1B7E01-D50A-4067-BC49-6F113143B744}"
EndProject
Global
	GlobalSection(SolutionConfigurationPlatforms) = preSolution
		Debug|Any CPU = Debug|Any CPU
		Release|Any CPU = Release|Any CPU
	EndGlobalSection
	GlobalSection(ProjectConfigurationPlatforms) = postSolution
		{1F1B7E01-D50A-4067-BC49-6F113143B744}.Debug|Any CPU.ActiveCfg = Debug|Any CPU
		{1F1B7E01-D50A-4067-BC49-6F113143B744}.Debug|Any CPU.Build.0 = Debug|Any CPU
		{1F1B7E01-D50A-4067-BC49-6F113143B744}.Release|Any CPU.ActiveCfg = Release|Any CPU
		{1F1B7E01-D50A-4067-BC49-6F113143B744}.Release|Any CPU.Build.0 = Release|Any CPU
	EndGlobalSection
	GlobalSection(SolutionProperties) = preSolution
		HideSolutionNode = FALSE
	EndGlobalSection
	GlobalSection(ExtensibilityGlobals) = postSolution
		SolutionGuid = {71D212F9-5DF6-4E48-B320-A977B11028DA}
	EndGlobalSection
EndGlobal
